
Microsoft Visual Studio Solution File, Format Version 12.00
# Visual Studio Version 17
VisualStudioVersion = 17.10.35013.160
MinimumVisualStudioVersion = 10.0.40219.1
Project("{9A19103F-16F7-4668-BE54-9A1E7A4F7556}") = "Ecommerce.API", "Ecommerce_API\Ecommerce.API.csproj", "{3DEE241A-8501-4D13-B21E-AF24089BA528}"
EndProject
Project("{9A19103F-16F7-4668-BE54-9A1E7A4F7556}") = "Ecommerce.Infrastructure", "Ecommerce.Infrastructure\Ecommerce.Infrastructure.csproj", "{52857684-A6AE-48BB-970E-ACBBC91BC97F}"
EndProject
Project("{9A19103F-16F7-4668-BE54-9A1E7A4F7556}") = "Ecommerce.Core", "Ecommerce.Core\Ecommerce.Core.csproj", "{998D5721-54E9-4865-A181-5E44C0DF6FD0}"
EndProject
Project("{FAE04EC0-301F-11D3-BF4B-00C04F79EFBC}") = "Ecommerce.Services", "Ecommerce.Services\Ecommerce.Services.csproj", "{C479A1B0-F8C6-451E-9519-644F501D5190}"
EndProject
Global
	GlobalSection(SolutionConfigurationPlatforms) = preSolution
		Debug|Any CPU = Debug|Any CPU
		Release|Any CPU = Release|Any CPU
	EndGlobalSection
	GlobalSection(ProjectConfigurationPlatforms) = postSolution
		{3DEE241A-8501-4D13-B21E-AF24089BA528}.Debug|Any CPU.ActiveCfg = Debug|Any CPU
		{3DEE241A-8501-4D13-B21E-AF24089BA528}.Debug|Any CPU.Build.0 = Debug|Any CPU
		{3DEE241A-8501-4D13-B21E-AF24089BA528}.Release|Any CPU.ActiveCfg = Release|Any CPU
		{3DEE241A-8501-4D13-B21E-AF24089BA528}.Release|Any CPU.Build.0 = Release|Any CPU
		{52857684-A6AE-48BB-970E-ACBBC91BC97F}.Debug|Any CPU.ActiveCfg = Debug|Any CPU
		{52857684-A6AE-48BB-970E-ACBBC91BC97F}.Debug|Any CPU.Build.0 = Debug|Any CPU
		{52857684-A6AE-48BB-970E-ACBBC91BC97F}.Release|Any CPU.ActiveCfg = Release|Any CPU
		{52857684-A6AE-48BB-970E-ACBBC91BC97F}.Release|Any CPU.Build.0 = Release|Any CPU
		{998D5721-54E9-4865-A181-5E44C0DF6FD0}.Debug|Any CPU.ActiveCfg = Debug|Any CPU
		{998D5721-54E9-4865-A181-5E44C0DF6FD0}.Debug|Any CPU.Build.0 = Debug|Any CPU
		{998D5721-54E9-4865-A181-5E44C0DF6FD0}.Release|Any CPU.ActiveCfg = Release|Any CPU
		{998D5721-54E9-4865-A181-5E44C0DF6FD0}.Release|Any CPU.Build.0 = Release|Any CPU
		{C479A1B0-F8C6-451E-9519-644F501D5190}.Debug|Any CPU.ActiveCfg = Debug|Any CPU
		{C479A1B0-F8C6-451E-9519-644F501D5190}.Debug|Any CPU.Build.0 = Debug|Any CPU
		{C479A1B0-F8C6-451E-9519-644F501D5190}.Release|Any CPU.ActiveCfg = Release|Any CPU
		{C479A1B0-F8C6-451E-9519-644F501D5190}.Release|Any CPU.Build.0 = Release|Any CPU
	EndGlobalSection
	GlobalSection(SolutionProperties) = preSolution
		HideSolutionNode = FALSE
	EndGlobalSection
	GlobalSection(ExtensibilityGlobals) = postSolution
		SolutionGuid = {2DAA1F19-B7A8-4683-8EA1-8D0E67BAE0C5}
	EndGlobalSection
EndGlobal
